PODS:
  - MZStoryPreviewer (0.1.0):
    - SDWebImage (~> 5.0)
  - SDWebImage (5.9.2):
    - SDWebImage/Core (= 5.9.2)
  - SDWebImage/Core (5.9.2)

DEPENDENCIES:
  - MZStoryPreviewer (from `../`)
  - SDWebImage (~> 5.0)

SPEC REPOS:
  trunk:
    - SDWebImage

EXTERNAL SOURCES:
  MZStoryPreviewer:
    :path: "../"

SPEC CHECKSUMS:
  MZStoryPreviewer: b0eace767a90a23711882e419e490ca8572598c0
  SDWebImage: 0b42b8719ab0c5257177d5894306e8a336b21cbb

PODFILE CHECKSUM: fc5adaab7c8f4f51c8765ca237b9a892603a2b81

COCOAPODS: 1.9.1
